
Microsoft Visual Studio Solution File, Format Version 12.00
# Visual Studio Version 16
VisualStudioVersion = 16.0.30804.86
MinimumVisualStudioVersion = 10.0.40219.1
Project("{FAE04EC0-301F-11D3-BF4B-00C04F79EFBC}") = "Lab03", "Lab03\Lab03.csproj", "{E6D64627-BA2B-475C-9A75-25452F0B9AF9}"
EndProject
Global
	GlobalSection(SolutionConfigurationPlatforms) = preSolution
		Debug|Any CPU = Debug|Any CPU
		Release|Any CPU = Release|Any CPU
	EndGlobalSection
	GlobalSection(ProjectConfigurationPlatforms) = postSolution
		{E6D64627-BA2B-475C-9A75-25452F0B9AF9}.Debug|Any CPU.ActiveCfg = Debug|Any CPU
		{E6D64627-BA2B-475C-9A75-25452F0B9AF9}.Debug|Any CPU.Build.0 = Debug|Any CPU
		{E6D64627-BA2B-475C-9A75-25452F0B9AF9}.Release|Any CPU.ActiveCfg = Release|Any CPU
		{E6D64627-BA2B-475C-9A75-25452F0B9AF9}.Release|Any CPU.Build.0 = Release|Any CPU
	EndGlobalSection
	GlobalSection(SolutionProperties) = preSolution
		HideSolutionNode = FALSE
	EndGlobalSection
	GlobalSection(ExtensibilityGlobals) = postSolution
		SolutionGuid = {E804358F-4EF9-4C9F-963D-695735B92189}
	EndGlobalSection
EndGlobal
